
Microsoft Visual Studio Solution File, Format Version 12.00
# Visual Studio Version 17
VisualStudioVersion = 17.6.33829.357
MinimumVisualStudioVersion = 10.0.40219.1
Project("{FAE04EC0-301F-11D3-BF4B-00C04F79EFBC}") = "GitOut_Assignment_Moatiz", "GitOut_Assignment_Moatiz\GitOut_Assignment_Moatiz.csproj", "{F8EB40C5-56CB-4256-8BA4-C8C50988EF9D}"
EndProject
Global
	GlobalSection(SolutionConfigurationPlatforms) = preSolution
		Debug|Any CPU = Debug|Any CPU
		Release|Any CPU = Release|Any CPU
	EndGlobalSection
	GlobalSection(ProjectConfigurationPlatforms) = postSolution
		{F8EB40C5-56CB-4256-8BA4-C8C50988EF9D}.Debug|Any CPU.ActiveCfg = Debug|Any CPU
		{F8EB40C5-56CB-4256-8BA4-C8C50988EF9D}.Debug|Any CPU.Build.0 = Debug|Any CPU
		{F8EB40C5-56CB-4256-8BA4-C8C50988EF9D}.Release|Any CPU.ActiveCfg = Release|Any CPU
		{F8EB40C5-56CB-4256-8BA4-C8C50988EF9D}.Release|Any CPU.Build.0 = Release|Any CPU
	EndGlobalSection
	GlobalSection(SolutionProperties) = preSolution
		HideSolutionNode = FALSE
	EndGlobalSection
	GlobalSection(ExtensibilityGlobals) = postSolution
		SolutionGuid = {C481B402-DA41-4F8F-BBF1-B3F26E76F62B}
	EndGlobalSection
EndGlobal
